
Microsoft Visual Studio Solution File, Format Version 12.00
# Visual Studio Version 17
VisualStudioVersion = 17.8.34322.80
MinimumVisualStudioVersion = 10.0.40219.1
Project("{FAE04EC0-301F-11D3-BF4B-00C04F79EFBC}") = "TicTacToe", "TicTacToe\TicTacToe.csproj", "{238DBEDD-3139-4EC8-84B6-9ECAFD0F904F}"
EndProject
Global
	GlobalSection(SolutionConfigurationPlatforms) = preSolution
		Debug|Any CPU = Debug|Any CPU
		Release|Any CPU = Release|Any CPU
	EndGlobalSection
	GlobalSection(ProjectConfigurationPlatforms) = postSolution
		{238DBEDD-3139-4EC8-84B6-9ECAFD0F904F}.Debug|Any CPU.ActiveCfg = Debug|Any CPU
		{238DBEDD-3139-4EC8-84B6-9ECAFD0F904F}.Debug|Any CPU.Build.0 = Debug|Any CPU
		{238DBEDD-3139-4EC8-84B6-9ECAFD0F904F}.Release|Any CPU.ActiveCfg = Release|Any CPU
		{238DBEDD-3139-4EC8-84B6-9ECAFD0F904F}.Release|Any CPU.Build.0 = Release|Any CPU
	EndGlobalSection
	GlobalSection(SolutionProperties) = preSolution
		HideSolutionNode = FALSE
	EndGlobalSection
	GlobalSection(ExtensibilityGlobals) = postSolution
		SolutionGuid = {AB66784C-CF0A-4C7B-A01B-8C9DB618E29A}
	EndGlobalSection
EndGlobal
